
Microsoft Visual Studio Solution File, Format Version 12.00
# Visual Studio Version 16
VisualStudioVersion = 16.0.29920.165
MinimumVisualStudioVersion = 10.0.40219.1
Project("{FAE04EC0-301F-11D3-BF4B-00C04F79EFBC}") = "ApiExcelReader", "ApiExcelReader\ApiExcelReader.csproj", "{1DA7EAC2-F37E-4A33-A5EF-427425049EAA}"
EndProject
Global
	GlobalSection(SolutionConfigurationPlatforms) = preSolution
		Debug|Any CPU = Debug|Any CPU
		Release|Any CPU = Release|Any CPU
	EndGlobalSection
	GlobalSection(ProjectConfigurationPlatforms) = postSolution
		{1DA7EAC2-F37E-4A33-A5EF-427425049EAA}.Debug|Any CPU.ActiveCfg = Debug|Any CPU
		{1DA7EAC2-F37E-4A33-A5EF-427425049EAA}.Debug|Any CPU.Build.0 = Debug|Any CPU
		{1DA7EAC2-F37E-4A33-A5EF-427425049EAA}.Release|Any CPU.ActiveCfg = Release|Any CPU
		{1DA7EAC2-F37E-4A33-A5EF-427425049EAA}.Release|Any CPU.Build.0 = Release|Any CPU
	EndGlobalSection
	GlobalSection(SolutionProperties) = preSolution
		HideSolutionNode = FALSE
	EndGlobalSection
	GlobalSection(ExtensibilityGlobals) = postSolution
		SolutionGuid = {B822BCA0-511C-414D-A0D6-AA4D9A06DDA5}
	EndGlobalSection
EndGlobal
